// !$*UTF8*$!
{
	archiveVersion = 1;
	classes = {
	};
	objectVersion = 46;
	objects = {

/* Begin PBXBuildFile section */
		A94BDEDA1F5B112B0085E073 /* GameController.swift in Sources */ = {isa = PBXBuildFile; fileRef = A94BDED51F5B112B0085E073 /* GameController.swift */; };
		A94BDEDB1F5B112B0085E073 /* MenuController.swift in Sources */ = {isa = PBXBuildFile; fileRef = A94BDED61F5B112B0085E073 /* MenuController.swift */; };
		A94BDEDC1F5B112B0085E073 /* RatingController.swift in Sources */ = {isa = PBXBuildFile; fileRef = A94BDED71F5B112B0085E073 /* RatingController.swift */; };
		A94BDEDD1F5B112B0085E073 /* PanelControlController.swift in Sources */ = {isa = PBXBuildFile; fileRef = A94BDED81F5B112B0085E073 /* PanelControlController.swift */; };
		A94BDEDE1F5B112B0085E073 /* GameMapController.swift in Sources */ = {isa = PBXBuildFile; fileRef = A94BDED91F5B112B0085E073 /* GameMapController.swift */; };
		A94BDEE11F5B11550085E073 /* SoundManager.swift in Sources */ = {isa = PBXBuildFile; fileRef = A94BDEDF1F5B11550085E073 /* SoundManager.swift */; };
		A94BDEE21F5B11550085E073 /* melody.mp3 in Resources */ = {isa = PBXBuildFile; fileRef = A94BDEE01F5B11550085E073 /* melody.mp3 */; };
		A94BDEE51F5B11820085E073 /* ExtensionForTimeInterval.swift in Sources */ = {isa = PBXBuildFile; fileRef = A94BDEE31F5B11820085E073 /* ExtensionForTimeInterval.swift */; };
		A94BDEE61F5B11820085E073 /* ExtensionForDate.swift in Sources */ = {isa = PBXBuildFile; fileRef = A94BDEE41F5B11820085E073 /* ExtensionForDate.swift */; };
		A94BDEE91F5B11A40085E073 /* GameOverView.swift in Sources */ = {isa = PBXBuildFile; fileRef = A94BDEE71F5B11A40085E073 /* GameOverView.swift */; };
		A94BDEEA1F5B11A40085E073 /* GameOverView.xib in Resources */ = {isa = PBXBuildFile; fileRef = A94BDEE81F5B11A40085E073 /* GameOverView.xib */; };
		A94BDEF31F5B11E90085E073 /* RatingStorage.swift in Sources */ = {isa = PBXBuildFile; fileRef = A94BDEEC1F5B11E90085E073 /* RatingStorage.swift */; };
		A94BDEF41F5B11E90085E073 /* GameLogic.swift in Sources */ = {isa = PBXBuildFile; fileRef = A94BDEED1F5B11E90085E073 /* GameLogic.swift */; };
		A94BDEF51F5B11E90085E073 /* RatingCell.swift in Sources */ = {isa = PBXBuildFile; fileRef = A94BDEEE1F5B11E90085E073 /* RatingCell.swift */; };
		A94BDEF61F5B11E90085E073 /* User.swift in Sources */ = {isa = PBXBuildFile; fileRef = A94BDEEF1F5B11E90085E073 /* User.swift */; };
		A94BDEF71F5B11E90085E073 /* MapManager.swift in Sources */ = {isa = PBXBuildFile; fileRef = A94BDEF01F5B11E90085E073 /* MapManager.swift */; };
		A94BDEF81F5B11E90085E073 /* CardView.swift in Sources */ = {isa = PBXBuildFile; fileRef = A94BDEF11F5B11E90085E073 /* CardView.swift */; };
		A94BDEF91F5B11E90085E073 /* MenuManager.swift in Sources */ = {isa = PBXBuildFile; fileRef = A94BDEF21F5B11E90085E073 /* MenuManager.swift */; };
		A94BDEFC1F5B12F60085E073 /* PauseView.swift in Sources */ = {isa = PBXBuildFile; fileRef = A94BDEFA1F5B12F60085E073 /* PauseView.swift */; };
		A94BDEFD1F5B12F60085E073 /* PauseView.xib in Resources */ = {isa = PBXBuildFile; fileRef = A94BDEFB1F5B12F60085E073 /* PauseView.xib */; };
		A987D1AD1F57349C00CCF677 /* AppDelegate.swift in Sources */ = {isa = PBXBuildFile; fileRef = A987D1AC1F57349C00CCF677 /* AppDelegate.swift */; };
		A987D1B21F57349C00CCF677 /* Main.storyboard in Resources */ = {isa = PBXBuildFile; fileRef = A987D1B01F57349C00CCF677 /* Main.storyboard */; };
		A987D1B41F57349C00CCF677 /* Assets.xcassets in Resources */ = {isa = PBXBuildFile; fileRef = A987D1B31F57349C00CCF677 /* Assets.xcassets */; };
		A987D1B71F57349C00CCF677 /* LaunchScreen.storyboard in Resources */ = {isa = PBXBuildFile; fileRef = A987D1B51F57349C00CCF677 /* LaunchScreen.storyboard */; };
		A987D1C01F5734E200CCF677 /* Game.storyboard in Resources */ = {isa = PBXBuildFile; fileRef = A987D1BE1F5734E200CCF677 /* Game.storyboard */; };
		A987D1C91F5743B800CCF677 /* Rating.storyboard in Resources */ = {isa = PBXBuildFile; fileRef = A987D1C71F5743B800CCF677 /* Rating.storyboard */; };
/* End PBXBuildFile section */

/* Begin PBXFileReference section */
		A94BDED51F5B112B0085E073 /* GameController.swift */ = {isa = PBXFileReference; fileEncoding = 4; lastKnownFileType = sourcecode.swift; path = GameController.swift; sourceTree = "<group>"; };
		A94BDED61F5B112B0085E073 /* MenuController.swift */ = {isa = PBXFileReference; fileEncoding = 4; lastKnownFileType = sourcecode.swift; path = MenuController.swift; sourceTree = "<group>"; };
		A94BDED71F5B112B0085E073 /* RatingController.swift */ = {isa = PBXFileReference; fileEncoding = 4; lastKnownFileType = sourcecode.swift; path = RatingController.swift; sourceTree = "<group>"; };
		A94BDED81F5B112B0085E073 /* PanelControlController.swift */ = {isa = PBXFileReference; fileEncoding = 4; lastKnownFileType = sourcecode.swift; path = PanelControlController.swift; sourceTree = "<group>"; };
		A94BDED91F5B112B0085E073 /* GameMapController.swift */ = {isa = PBXFileReference; fileEncoding = 4; lastKnownFileType = sourcecode.swift; path = GameMapController.swift; sourceTree = "<group>"; };
		A94BDEDF1F5B11550085E073 /* SoundManager.swift */ = {isa = PBXFileReference; fileEncoding = 4; lastKnownFileType = sourcecode.swift; path = SoundManager.swift; sourceTree = "<group>"; };
		A94BDEE01F5B11550085E073 /* melody.mp3 */ = {isa = PBXFileReference; lastKnownFileType = audio.mp3; path = melody.mp3; sourceTree = "<group>"; };
		A94BDEE31F5B11820085E073 /* ExtensionForTimeInterval.swift */ = {isa = PBXFileReference; fileEncoding = 4; lastKnownFileType = sourcecode.swift; path = ExtensionForTimeInterval.swift; sourceTree = "<group>"; };
		A94BDEE41F5B11820085E073 /* ExtensionForDate.swift */ = {isa = PBXFileReference; fileEncoding = 4; lastKnownFileType = sourcecode.swift; path = ExtensionForDate.swift; sourceTree = "<group>"; };
		A94BDEE71F5B11A40085E073 /* GameOverView.swift */ = {isa = PBXFileReference; fileEncoding = 4; lastKnownFileType = sourcecode.swift; path = GameOverView.swift; sourceTree = "<group>"; };
		A94BDEE81F5B11A40085E073 /* GameOverView.xib */ = {isa = PBXFileReference; fileEncoding = 4; lastKnownFileType = file.xib; path = GameOverView.xib; sourceTree = "<group>"; };
		A94BDEEC1F5B11E90085E073 /* RatingStorage.swift */ = {isa = PBXFileReference; fileEncoding = 4; lastKnownFileType = sourcecode.swift; path = RatingStorage.swift; sourceTree = "<group>"; };
		A94BDEED1F5B11E90085E073 /* GameLogic.swift */ = {isa = PBXFileReference; fileEncoding = 4; lastKnownFileType = sourcecode.swift; path = GameLogic.swift; sourceTree = "<group>"; };
		A94BDEEE1F5B11E90085E073 /* RatingCell.swift */ = {isa = PBXFileReference; fileEncoding = 4; lastKnownFileType = sourcecode.swift; path = RatingCell.swift; sourceTree = "<group>"; };
		A94BDEEF1F5B11E90085E073 /* User.swift */ = {isa = PBXFileReference; fileEncoding = 4; lastKnownFileType = sourcecode.swift; path = User.swift; sourceTree = "<group>"; };
		A94BDEF01F5B11E90085E073 /* MapManager.swift */ = {isa = PBXFileReference; fileEncoding = 4; lastKnownFileType = sourcecode.swift; path = MapManager.swift; sourceTree = "<group>"; };
		A94BDEF11F5B11E90085E073 /* CardView.swift */ = {isa = PBXFileReference; fileEncoding = 4; lastKnownFileType = sourcecode.swift; path = CardView.swift; sourceTree = "<group>"; };
		A94BDEF21F5B11E90085E073 /* MenuManager.swift */ = {isa = PBXFileReference; fileEncoding = 4; lastKnownFileType = sourcecode.swift; path = MenuManager.swift; sourceTree = "<group>"; };
		A94BDEFA1F5B12F60085E073 /* PauseView.swift */ = {isa = PBXFileReference; fileEncoding = 4; lastKnownFileType = sourcecode.swift; path = PauseView.swift; sourceTree = "<group>"; };
		A94BDEFB1F5B12F60085E073 /* PauseView.xib */ = {isa = PBXFileReference; fileEncoding = 4; lastKnownFileType = file.xib; path = PauseView.xib; sourceTree = "<group>"; };
		A987D1A91F57349C00CCF677 /* MemoryTracker.app */ = {isa = PBXFileReference; explicitFileType = wrapper.application; includeInIndex = 0; path = MemoryTracker.app; sourceTree = BUILT_PRODUCTS_DIR; };
		A987D1AC1F57349C00CCF677 /* AppDelegate.swift */ = {isa = PBXFileReference; lastKnownFileType = sourcecode.swift; path = AppDelegate.swift; sourceTree = "<group>"; };
		A987D1B11F57349C00CCF677 /* Base */ = {isa = PBXFileReference; lastKnownFileType = file.storyboard; name = Base; path = Base.lproj/Main.storyboard; sourceTree = "<group>"; };
		A987D1B31F57349C00CCF677 /* Assets.xcassets */ = {isa = PBXFileReference; lastKnownFileType = folder.assetcatalog; path = Assets.xcassets; sourceTree = "<group>"; };
		A987D1B61F57349C00CCF677 /* Base */ = {isa = PBXFileReference; lastKnownFileType = file.storyboard; name = Base; path = Base.lproj/LaunchScreen.storyboard; sourceTree = "<group>"; };
		A987D1B81F57349C00CCF677 /* Info.plist */ = {isa = PBXFileReference; lastKnownFileType = text.plist.xml; path = Info.plist; sourceTree = "<group>"; };
		A987D1BF1F5734E200CCF677 /* Base */ = {isa = PBXFileReference; lastKnownFileType = file.storyboard; name = Base; path = Base.lproj/Game.storyboard; sourceTree = "<group>"; };
		A987D1C81F5743B800CCF677 /* Base */ = {isa = PBXFileReference; lastKnownFileType = file.storyboard; name = Base; path = Base.lproj/Rating.storyboard; sourceTree = "<group>"; };
/* End PBXFileReference section */

/* Begin PBXFrameworksBuildPhase section */
		A987D1A61F57349C00CCF677 /* Frameworks */ = {
			isa = PBXFrameworksBuildPhase;
			buildActionMask = 2147483647;
			files = (
			);
			runOnlyForDeploymentPostprocessing = 0;
		};
/* End PBXFrameworksBuildPhase section */

/* Begin PBXGroup section */
		A94BDED31F5B106E0085E073 /* Models */ = {
			isa = PBXGroup;
			children = (
				A94BDEEC1F5B11E90085E073 /* RatingStorage.swift */,
				A94BDEED1F5B11E90085E073 /* GameLogic.swift */,
				A94BDEEE1F5B11E90085E073 /* RatingCell.swift */,
				A94BDEEF1F5B11E90085E073 /* User.swift */,
				A94BDEF01F5B11E90085E073 /* MapManager.swift */,
				A94BDEF11F5B11E90085E073 /* CardView.swift */,
				A94BDEF21F5B11E90085E073 /* MenuManager.swift */,
			);
			path = Models;
			sourceTree = "<group>";
		};
		A94BDED41F5B109F0085E073 /* XibFiles */ = {
			isa = PBXGroup;
			children = (
				A94BDEFA1F5B12F60085E073 /* PauseView.swift */,
				A94BDEFB1F5B12F60085E073 /* PauseView.xib */,
				A94BDEE71F5B11A40085E073 /* GameOverView.swift */,
				A94BDEE81F5B11A40085E073 /* GameOverView.xib */,
			);
			path = XibFiles;
			sourceTree = "<group>";
		};
		A94BDEEB1F5B11C20085E073 /* Storyboards */ = {
			isa = PBXGroup;
			children = (
				A987D1B51F57349C00CCF677 /* LaunchScreen.storyboard */,
				A987D1BE1F5734E200CCF677 /* Game.storyboard */,
				A987D1B01F57349C00CCF677 /* Main.storyboard */,
				A987D1C71F5743B800CCF677 /* Rating.storyboard */,
			);
			name = Storyboards;
			sourceTree = "<group>";
		};
		A987D1A01F57349C00CCF677 = {
			isa = PBXGroup;
			children = (
				A987D1AB1F57349C00CCF677 /* MemoryTracker */,
				A987D1AA1F57349C00CCF677 /* Products */,
			);
			sourceTree = "<group>";
		};
		A987D1AA1F57349C00CCF677 /* Products */ = {
			isa = PBXGroup;
			children = (
				A987D1A91F57349C00CCF677 /* MemoryTracker.app */,
			);
			name = Products;
			sourceTree = "<group>";
		};
		A987D1AB1F57349C00CCF677 /* MemoryTracker */ = {
			isa = PBXGroup;
			children = (
				A94BDED41F5B109F0085E073 /* XibFiles */,
				A94BDEEB1F5B11C20085E073 /* Storyboards */,
				A987D1C51F573F4C00CCF677 /* Classes */,
				A94BDED31F5B106E0085E073 /* Models */,
				A987D1EA1F588DA800CCF677 /* Extensions */,
				A987D1D51F57F7E600CCF677 /* Music */,
				A987D1AC1F57349C00CCF677 /* AppDelegate.swift */,
				A987D1B31F57349C00CCF677 /* Assets.xcassets */,
				A987D1B81F57349C00CCF677 /* Info.plist */,
			);
			path = MemoryTracker;
			sourceTree = "<group>";
		};
		A987D1C51F573F4C00CCF677 /* Classes */ = {
			isa = PBXGroup;
			children = (
				A94BDED51F5B112B0085E073 /* GameController.swift */,
				A94BDED61F5B112B0085E073 /* MenuController.swift */,
				A94BDED71F5B112B0085E073 /* RatingController.swift */,
				A94BDED81F5B112B0085E073 /* PanelControlController.swift */,
				A94BDED91F5B112B0085E073 /* GameMapController.swift */,
			);
			path = Classes;
			sourceTree = "<group>";
		};
		A987D1D51F57F7E600CCF677 /* Music */ = {
			isa = PBXGroup;
			children = (
				A94BDEDF1F5B11550085E073 /* SoundManager.swift */,
				A94BDEE01F5B11550085E073 /* melody.mp3 */,
			);
			path = Music;
			sourceTree = "<group>";
		};
		A987D1EA1F588DA800CCF677 /* Extensions */ = {
			isa = PBXGroup;
			children = (
				A94BDEE31F5B11820085E073 /* ExtensionForTimeInterval.swift */,
				A94BDEE41F5B11820085E073 /* ExtensionForDate.swift */,
			);
			path = Extensions;
			sourceTree = "<group>";
		};
/* End PBXGroup section */

/* Begin PBXNativeTarget section */
		A987D1A81F57349C00CCF677 /* MemoryTracker */ = {
			isa = PBXNativeTarget;
			buildConfigurationList = A987D1BB1F57349C00CCF677 /* Build configuration list for PBXNativeTarget "MemoryTracker" */;
			buildPhases = (
				A987D1A51F57349C00CCF677 /* Sources */,
				A987D1A61F57349C00CCF677 /* Frameworks */,
				A987D1A71F57349C00CCF677 /* Resources */,
			);
			buildRules = (
			);
			dependencies = (
			);
			name = MemoryTracker;
			productName = MemoryTracker;
			productReference = A987D1A91F57349C00CCF677 /* MemoryTracker.app */;
			productType = "com.apple.product-type.application";
		};
/* End PBXNativeTarget section */

/* Begin PBXProject section */
		A987D1A11F57349C00CCF677 /* Project object */ = {
			isa = PBXProject;
			attributes = {
				LastSwiftUpdateCheck = 0830;
				LastUpgradeCheck = 0830;
				TargetAttributes = {
					A987D1A81F57349C00CCF677 = {
						CreatedOnToolsVersion = 8.3.3;
						ProvisioningStyle = Automatic;
					};
				};
			};
			buildConfigurationList = A987D1A41F57349C00CCF677 /* Build configuration list for PBXProject "MemoryTracker" */;
			compatibilityVersion = "Xcode 3.2";
			developmentRegion = English;
			hasScannedForEncodings = 0;
			knownRegions = (
				en,
				Base,
			);
			mainGroup = A987D1A01F57349C00CCF677;
			productRefGroup = A987D1AA1F57349C00CCF677 /* Products */;
			projectDirPath = "";
			projectRoot = "";
			targets = (
				A987D1A81F57349C00CCF677 /* MemoryTracker */,
			);
		};
/* End PBXProject section */

/* Begin PBXResourcesBuildPhase section */
		A987D1A71F57349C00CCF677 /* Resources */ = {
			isa = PBXResourcesBuildPhase;
			buildActionMask = 2147483647;
			files = (
				A94BDEEA1F5B11A40085E073 /* GameOverView.xib in Resources */,
				A987D1C01F5734E200CCF677 /* Game.storyboard in Resources */,
				A987D1B71F57349C00CCF677 /* LaunchScreen.storyboard in Resources */,
				A987D1B41F57349C00CCF677 /* Assets.xcassets in Resources */,
				A987D1B21F57349C00CCF677 /* Main.storyboard in Resources */,
				A987D1C91F5743B800CCF677 /* Rating.storyboard in Resources */,
				A94BDEE21F5B11550085E073 /* melody.mp3 in Resources */,
				A94BDEFD1F5B12F60085E073 /* PauseView.xib in Resources */,
			);
			runOnlyForDeploymentPostprocessing = 0;
		};
/* End PBXResourcesBuildPhase section */

/* Begin PBXSourcesBuildPhase section */
		A987D1A51F57349C00CCF677 /* Sources */ = {
			isa = PBXSourcesBuildPhase;
			buildActionMask = 2147483647;
			files = (
				A94BDEE51F5B11820085E073 /* ExtensionForTimeInterval.swift in Sources */,
				A94BDEF71F5B11E90085E073 /* MapManager.swift in Sources */,
				A94BDEE91F5B11A40085E073 /* GameOverView.swift in Sources */,
				A94BDEFC1F5B12F60085E073 /* PauseView.swift in Sources */,
				A94BDEE61F5B11820085E073 /* ExtensionForDate.swift in Sources */,
				A94BDEDE1F5B112B0085E073 /* GameMapController.swift in Sources */,
				A94BDEDB1F5B112B0085E073 /* MenuController.swift in Sources */,
				A94BDEDC1F5B112B0085E073 /* RatingController.swift in Sources */,
				A94BDEF61F5B11E90085E073 /* User.swift in Sources */,
				A94BDEF41F5B11E90085E073 /* GameLogic.swift in Sources */,
				A94BDEF31F5B11E90085E073 /* RatingStorage.swift in Sources */,
				A94BDEDD1F5B112B0085E073 /* PanelControlController.swift in Sources */,
				A987D1AD1F57349C00CCF677 /* AppDelegate.swift in Sources */,
				A94BDEDA1F5B112B0085E073 /* GameController.swift in Sources */,
				A94BDEF91F5B11E90085E073 /* MenuManager.swift in Sources */,
				A94BDEE11F5B11550085E073 /* SoundManager.swift in Sources */,
				A94BDEF81F5B11E90085E073 /* CardView.swift in Sources */,
				A94BDEF51F5B11E90085E073 /* RatingCell.swift in Sources */,
			);
			runOnlyForDeploymentPostprocessing = 0;
		};
/* End PBXSourcesBuildPhase section */

/* Begin PBXVariantGroup section */
		A987D1B01F57349C00CCF677 /* Main.storyboard */ = {
			isa = PBXVariantGroup;
			children = (
				A987D1B11F57349C00CCF677 /* Base */,
			);
			name = Main.storyboard;
			sourceTree = "<group>";
		};
		A987D1B51F57349C00CCF677 /* LaunchScreen.storyboard */ = {
			isa = PBXVariantGroup;
			children = (
				A987D1B61F57349C00CCF677 /* Base */,
			);
			name = LaunchScreen.storyboard;
			sourceTree = "<group>";
		};
		A987D1BE1F5734E200CCF677 /* Game.storyboard */ = {
			isa = PBXVariantGroup;
			children = (
				A987D1BF1F5734E200CCF677 /* Base */,
			);
			name = Game.storyboard;
			sourceTree = "<group>";
		};
		A987D1C71F5743B800CCF677 /* Rating.storyboard */ = {
			isa = PBXVariantGroup;
			children = (
				A987D1C81F5743B800CCF677 /* Base */,
			);
			name = Rating.storyboard;
			sourceTree = "<group>";
		};
/* End PBXVariantGroup section */

/* Begin XCBuildConfiguration section */
		A987D1B91F57349C00CCF677 /* Debug */ = {
			isa = XCBuildConfiguration;
			buildSettings = {
				ALWAYS_SEARCH_USER_PATHS = NO;
				CLANG_ANALYZER_NONNULL = YES;
				CLANG_ANALYZER_NUMBER_OBJECT_CONVERSION = YES_AGGRESSIVE;
				CLANG_CXX_LANGUAGE_STANDARD = "gnu++0x";
				CLANG_CXX_LIBRARY = "libc++";
				CLANG_ENABLE_MODULES = YES;
				CLANG_ENABLE_OBJC_ARC = YES;
				CLANG_WARN_BOOL_CONVERSION = YES;
				CLANG_WARN_CONSTANT_CONVERSION = YES;
				CLANG_WARN_DIRECT_OBJC_ISA_USAGE = YES_ERROR;
				CLANG_WARN_DOCUMENTATION_COMMENTS = YES;
				CLANG_WARN_EMPTY_BODY = YES;
				CLANG_WARN_ENUM_CONVERSION = YES;
				CLANG_WARN_INFINITE_RECURSION = YES;
				CLANG_WARN_INT_CONVERSION = YES;
				CLANG_WARN_OBJC_ROOT_CLASS = YES_ERROR;
				CLANG_WARN_SUSPICIOUS_MOVE = YES;
				CLANG_WARN_UNREACHABLE_CODE = YES;
				CLANG_WARN__DUPLICATE_METHOD_MATCH = YES;
				"CODE_SIGN_IDENTITY[sdk=iphoneos*]" = "iPhone Developer";
				COPY_PHASE_STRIP = NO;
				DEBUG_INFORMATION_FORMAT = dwarf;
				ENABLE_STRICT_OBJC_MSGSEND = YES;
				ENABLE_TESTABILITY = YES;
				GCC_C_LANGUAGE_STANDARD = gnu99;
				GCC_DYNAMIC_NO_PIC = NO;
				GCC_NO_COMMON_BLOCKS = YES;
				GCC_OPTIMIZATION_LEVEL = 0;
				GCC_PREPROCESSOR_DEFINITIONS = (
					"DEBUG=1",
					"$(inherited)",
				);
				GCC_WARN_64_TO_32_BIT_CONVERSION = YES;
				GCC_WARN_ABOUT_RETURN_TYPE = YES_ERROR;
				GCC_WARN_UNDECLARED_SELECTOR = YES;
				GCC_WARN_UNINITIALIZED_AUTOS = YES_AGGRESSIVE;
				GCC_WARN_UNUSED_FUNCTION = YES;
				GCC_WARN_UNUSED_VARIABLE = YES;
				IPHONEOS_DEPLOYMENT_TARGET = 10.3;
				MTL_ENABLE_DEBUG_INFO = YES;
				ONLY_ACTIVE_ARCH = YES;
				SDKROOT = iphoneos;
				SWIFT_ACTIVE_COMPILATION_CONDITIONS = DEBUG;
				SWIFT_OPTIMIZATION_LEVEL = "-Onone";
				TARGETED_DEVICE_FAMILY = "1,2";
			};
			name = Debug;
		};
		A987D1BA1F57349C00CCF677 /* Release */ = {
			isa = XCBuildConfiguration;
			buildSettings = {
				ALWAYS_SEARCH_USER_PATHS = NO;
				CLANG_ANALYZER_NONNULL = YES;
				CLANG_ANALYZER_NUMBER_OBJECT_CONVERSION = YES_AGGRESSIVE;
				CLANG_CXX_LANGUAGE_STANDARD = "gnu++0x";
				CLANG_CXX_LIBRARY = "libc++";
				CLANG_ENABLE_MODULES = YES;
				CLANG_ENABLE_OBJC_ARC = YES;
				CLANG_WARN_BOOL_CONVERSION = YES;
				CLANG_WARN_CONSTANT_CONVERSION = YES;
				CLANG_WARN_DIRECT_OBJC_ISA_USAGE = YES_ERROR;
				CLANG_WARN_DOCUMENTATION_COMMENTS = YES;
				CLANG_WARN_EMPTY_BODY = YES;
				CLANG_WARN_ENUM_CONVERSION = YES;
				CLANG_WARN_INFINITE_RECURSION = YES;
				CLANG_WARN_INT_CONVERSION = YES;
				CLANG_WARN_OBJC_ROOT_CLASS = YES_ERROR;
				CLANG_WARN_SUSPICIOUS_MOVE = YES;
				CLANG_WARN_UNREACHABLE_CODE = YES;
				CLANG_WARN__DUPLICATE_METHOD_MATCH = YES;
				"CODE_SIGN_IDENTITY[sdk=iphoneos*]" = "iPhone Developer";
				COPY_PHASE_STRIP = NO;
				DEBUG_INFORMATION_FORMAT = "dwarf-with-dsym";
				ENABLE_NS_ASSERTIONS = NO;
				ENABLE_STRICT_OBJC_MSGSEND = YES;
				GCC_C_LANGUAGE_STANDARD = gnu99;
				GCC_NO_COMMON_BLOCKS = YES;
				GCC_WARN_64_TO_32_BIT_CONVERSION = YES;
				GCC_WARN_ABOUT_RETURN_TYPE = YES_ERROR;
				GCC_WARN_UNDECLARED_SELECTOR = YES;
				GCC_WARN_UNINITIALIZED_AUTOS = YES_AGGRESSIVE;
				GCC_WARN_UNUSED_FUNCTION = YES;
				GCC_WARN_UNUSED_VARIABLE = YES;
				IPHONEOS_DEPLOYMENT_TARGET = 10.3;
				MTL_ENABLE_DEBUG_INFO = NO;
				SDKROOT = iphoneos;
				SWIFT_OPTIMIZATION_LEVEL = "-Owholemodule";
				TARGETED_DEVICE_FAMILY = "1,2";
				VALIDATE_PRODUCT = YES;
			};
			name = Release;
		};
		A987D1BC1F57349C00CCF677 /* Debug */ = {
			isa = XCBuildConfiguration;
			buildSettings = {
				ASSETCATALOG_COMPILER_APPICON_NAME = AppIcon;
				INFOPLIST_FILE = MemoryTracker/Info.plist;
				LD_RUNPATH_SEARCH_PATHS = "$(inherited) @executable_path/Frameworks";
				PRODUCT_BUNDLE_IDENTIFIER = "IT-Academy.MemoryTracker";
				PRODUCT_NAME = "$(TARGET_NAME)";
				SWIFT_VERSION = 3.0;
			};
			name = Debug;
		};
		A987D1BD1F57349C00CCF677 /* Release */ = {
			isa = XCBuildConfiguration;
			buildSettings = {
				ASSETCATALOG_COMPILER_APPICON_NAME = AppIcon;
				INFOPLIST_FILE = MemoryTracker/Info.plist;
				LD_RUNPATH_SEARCH_PATHS = "$(inherited) @executable_path/Frameworks";
				PRODUCT_BUNDLE_IDENTIFIER = "IT-Academy.MemoryTracker";
				PRODUCT_NAME = "$(TARGET_NAME)";
				SWIFT_VERSION = 3.0;
			};
			name = Release;
		};
/* End XCBuildConfiguration section */

/* Begin XCConfigurationList section */
		A987D1A41F57349C00CCF677 /* Build configuration list for PBXProject "MemoryTracker" */ = {
			isa = XCConfigurationList;
			buildConfigurations = (
				A987D1B91F57349C00CCF677 /* Debug */,
				A987D1BA1F57349C00CCF677 /* Release */,
			);
			defaultConfigurationIsVisible = 0;
			defaultConfigurationName = Release;
		};
		A987D1BB1F57349C00CCF677 /* Build configuration list for PBXNativeTarget "MemoryTracker" */ = {
			isa = XCConfigurationList;
			buildConfigurations = (
				A987D1BC1F57349C00CCF677 /* Debug */,
				A987D1BD1F57349C00CCF677 /* Release */,
			);
			defaultConfigurationIsVisible = 0;
			defaultConfigurationName = Release;
		};
/* End XCConfigurationList section */
	};
	rootObject = A987D1A11F57349C00CCF677 /* Project object */;
}
